
Microsoft Visual Studio Solution File, Format Version 12.00
# Visual Studio 2013
VisualStudioVersion = 12.0.21005.1
MinimumVisualStudioVersion = 10.0.40219.1
Project("{FAE04EC0-301F-11D3-BF4B-00C04F79EFBC}") = "SecurityDemo.Web", "SecurityDemo.Web\SecurityDemo.Web.csproj", "{F5B63EB8-1000-40DF-86B9-0DB052DCF92D}"
EndProject
Global
	GlobalSection(SolutionConfigurationPlatforms) = preSolution
		Debug|Any CPU = Debug|Any CPU
		Release|Any CPU = Release|Any CPU
	EndGlobalSection
	GlobalSection(ProjectConfigurationPlatforms) = postSolution
		{F5B63EB8-1000-40DF-86B9-0DB052DCF92D}.Debug|Any CPU.ActiveCfg = Debug|Any CPU
		{F5B63EB8-1000-40DF-86B9-0DB052DCF92D}.Debug|Any CPU.Build.0 = Debug|Any CPU
		{F5B63EB8-1000-40DF-86B9-0DB052DCF92D}.Release|Any CPU.ActiveCfg = Release|Any CPU
		{F5B63EB8-1000-40DF-86B9-0DB052DCF92D}.Release|Any CPU.Build.0 = Release|Any CPU
	EndGlobalSection
	GlobalSection(SolutionProperties) = preSolution
		HideSolutionNode = FALSE
	EndGlobalSection
EndGlobal
